
Microsoft Visual Studio Solution File, Format Version 12.00
# Visual Studio Version 16
VisualStudioVersion = 16.0.31105.61
MinimumVisualStudioVersion = 10.0.40219.1
Project("{FAE04EC0-301F-11D3-BF4B-00C04F79EFBC}") = "AlifLesson23HW01.04", "AlifLesson23HW01.04\AlifLesson23HW01.04.csproj", "{BAD16728-BA79-4A1B-8432-9381F4CCA3C0}"
EndProject
Global
	GlobalSection(SolutionConfigurationPlatforms) = preSolution
		Debug|Any CPU = Debug|Any CPU
		Release|Any CPU = Release|Any CPU
	EndGlobalSection
	GlobalSection(ProjectConfigurationPlatforms) = postSolution
		{BAD16728-BA79-4A1B-8432-9381F4CCA3C0}.Debug|Any CPU.ActiveCfg = Debug|Any CPU
		{BAD16728-BA79-4A1B-8432-9381F4CCA3C0}.Debug|Any CPU.Build.0 = Debug|Any CPU
		{BAD16728-BA79-4A1B-8432-9381F4CCA3C0}.Release|Any CPU.ActiveCfg = Release|Any CPU
		{BAD16728-BA79-4A1B-8432-9381F4CCA3C0}.Release|Any CPU.Build.0 = Release|Any CPU
	EndGlobalSection
	GlobalSection(SolutionProperties) = preSolution
		HideSolutionNode = FALSE
	EndGlobalSection
	GlobalSection(ExtensibilityGlobals) = postSolution
		SolutionGuid = {EA6C6E9E-1EE8-4F6D-AAEB-9909CFA85A74}
	EndGlobalSection
EndGlobal
